<?xml version="1.0" encoding="utf-8"?>
<Project ToolsVersion="4.0" xmlns="http://schemas.microsoft.com/developer/msbuild/2003">
  <ItemGroup>
    <ClCompile Include="Battle_system.cpp" />
    <ClCompile Include="Buttons.cpp" />
    <ClCompile Include="GameStates.cpp" />
    <ClCompile Include="GSM.cpp" />
    <ClCompile Include="Ingredients.cpp" />
    <ClCompile Include="BattleSystem.cpp" />
    <ClCompile Include="Main.cpp" />
    <ClCompile Include="EnemyObject.cpp" />
    <ClCompile Include="player.cpp" />
    <ClCompile Include="Spells.cpp" />
    <ClCompile Include="UI.cpp" />
  </ItemGroup>
  <ItemGroup>
    <ClInclude Include="Battle_system.h" />
    <ClInclude Include="Buttons.h" />
    <ClInclude Include="GameStates.h" />
    <ClInclude Include="GSM.h" />
    <ClInclude Include="EnemyObject.h" />
    <ClInclude Include="Ingredients.h" />
    <ClInclude Include="BattleSystem.h" />
    <ClInclude Include="Main.h" />
    <ClInclude Include="Mesh.h" />
    <ClInclude Include="player.h" />
    <ClInclude Include="Spells.h" />
    <ClInclude Include="UI.h" />
  </ItemGroup>
  <ItemGroup>
    <Filter Include="Source file">
      <UniqueIdentifier>{851a9ece-cc8d-4f16-b5db-c018f4088197}</UniqueIdentifier>
    </Filter>
  </ItemGroup>
</Project>